
Microsoft Visual Studio Solution File, Format Version 12.00
# Visual Studio Version 16
VisualStudioVersion = 16.0.29001.49
MinimumVisualStudioVersion = 10.0.40219.1
Project("{FAE04EC0-301F-11D3-BF4B-00C04F79EFBC}") = "SpcLibrary.System", "SpcLibrary.System\SpcLibrary.System.csproj", "{B497C6A7-7D81-4DBB-BBB1-6AE36A4181D9}"
EndProject
Project("{FAE04EC0-301F-11D3-BF4B-00C04F79EFBC}") = "SpcLibrary.Win32API", "SpcLibrary.Win32API\SpcLibrary.Win32API.csproj", "{A04BCFA3-C191-41DD-B70E-115E26425EB2}"
EndProject
Project("{FAE04EC0-301F-11D3-BF4B-00C04F79EFBC}") = "SpcLibrary.Common", "SpcLibrary.Common\SpcLibrary.Common.csproj", "{D81E04F3-6E06-49A5-B214-449002AEF182}"
EndProject
Project("{2150E333-8FDC-42A3-9474-1A3956D46DE8}") = "Testing", "Testing", "{930ACB1C-384A-4E2E-950B-77F6FF1A1A4B}"
EndProject
Global
	GlobalSection(SolutionConfigurationPlatforms) = preSolution
		Debug|Any CPU = Debug|Any CPU
		Release|Any CPU = Release|Any CPU
	EndGlobalSection
	GlobalSection(ProjectConfigurationPlatforms) = postSolution
		{B497C6A7-7D81-4DBB-BBB1-6AE36A4181D9}.Debug|Any CPU.ActiveCfg = Debug|Any CPU
		{B497C6A7-7D81-4DBB-BBB1-6AE36A4181D9}.Debug|Any CPU.Build.0 = Debug|Any CPU
		{B497C6A7-7D81-4DBB-BBB1-6AE36A4181D9}.Release|Any CPU.ActiveCfg = Release|Any CPU
		{B497C6A7-7D81-4DBB-BBB1-6AE36A4181D9}.Release|Any CPU.Build.0 = Release|Any CPU
		{A04BCFA3-C191-41DD-B70E-115E26425EB2}.Debug|Any CPU.ActiveCfg = Debug|Any CPU
		{A04BCFA3-C191-41DD-B70E-115E26425EB2}.Debug|Any CPU.Build.0 = Debug|Any CPU
		{A04BCFA3-C191-41DD-B70E-115E26425EB2}.Release|Any CPU.ActiveCfg = Release|Any CPU
		{A04BCFA3-C191-41DD-B70E-115E26425EB2}.Release|Any CPU.Build.0 = Release|Any CPU
		{D81E04F3-6E06-49A5-B214-449002AEF182}.Debug|Any CPU.ActiveCfg = Debug|Any CPU
		{D81E04F3-6E06-49A5-B214-449002AEF182}.Debug|Any CPU.Build.0 = Debug|Any CPU
		{D81E04F3-6E06-49A5-B214-449002AEF182}.Release|Any CPU.ActiveCfg = Release|Any CPU
		{D81E04F3-6E06-49A5-B214-449002AEF182}.Release|Any CPU.Build.0 = Release|Any CPU
	EndGlobalSection
	GlobalSection(SolutionProperties) = preSolution
		HideSolutionNode = FALSE
	EndGlobalSection
	GlobalSection(ExtensibilityGlobals) = postSolution
		SolutionGuid = {96B31948-C526-4D9F-9224-5D111B3AF0C2}
	EndGlobalSection
EndGlobal
