
Microsoft Visual Studio Solution File, Format Version 12.00
# Visual Studio Version 16
VisualStudioVersion = 16.0.29001.49
MinimumVisualStudioVersion = 10.0.40219.1
Project("{FAE04EC0-301F-11D3-BF4B-00C04F79EFBC}") = "SpcLibrary.System", "SpcLibrary.System\SpcLibrary.System.csproj", "{B497C6A7-7D81-4DBB-BBB1-6AE36A4181D9}"
EndProject
Project("{FAE04EC0-301F-11D3-BF4B-00C04F79EFBC}") = "SpcLibrary.Win32API", "SpcLibrary.Win32API\SpcLibrary.Win32API.csproj", "{A04BCFA3-C191-41DD-B70E-115E26425EB2}"
EndProject
Project("{FAE04EC0-301F-11D3-BF4B-00C04F79EFBC}") = "SpcLibrary.Common", "SpcLibrary.Common\SpcLibrary.Common.csproj", "{D81E04F3-6E06-49A5-B214-449002AEF182}"
EndProject
Project("{2150E333-8FDC-42A3-9474-1A3956D46DE8}") = "UsageExample", "UsageExample", "{930ACB1C-384A-4E2E-950B-77F6FF1A1A4B}"
EndProject
Project("{FAE04EC0-301F-11D3-BF4B-00C04F79EFBC}") = "SpcLibrary.DeviceIoControl", "SpcLibrary.DeviceIoControl\SpcLibrary.DeviceIoControl.csproj", "{5E83F6BD-9ED9-4658-BD49-5CA13CA0D0A0}"
EndProject
Project("{FAE04EC0-301F-11D3-BF4B-00C04F79EFBC}") = "EnumPhysicalDiskTest", "UsageExample\EnumPhysicalDiskTest\EnumPhysicalDiskTest.csproj", "{39DE29EA-39AB-40FA-B979-9895DF216E76}"
EndProject
Project("{FAE04EC0-301F-11D3-BF4B-00C04F79EFBC}") = "InitAndFormatPhysicalDisk", "UsageExample\InitAndFormatPhysicalDisk\InitAndFormatPhysicalDisk.csproj", "{D0A3462D-53CC-4484-A772-0B61CB8E2B5F}"
EndProject
Project("{FAE04EC0-301F-11D3-BF4B-00C04F79EFBC}") = "EnumPartitionOnDisk", "EnumPartitionOnDisk\EnumPartitionOnDisk.csproj", "{6A2334BA-8E35-417C-A534-BC76A7DE4BD4}"
EndProject
Project("{FAE04EC0-301F-11D3-BF4B-00C04F79EFBC}") = "ReadWriteFile", "ReadWriteFile\ReadWriteFile.csproj", "{D5F354AD-F183-410A-B73D-28C0769825CA}"
EndProject
Global
	GlobalSection(SolutionConfigurationPlatforms) = preSolution
		Debug|Any CPU = Debug|Any CPU
		Release|Any CPU = Release|Any CPU
	EndGlobalSection
	GlobalSection(ProjectConfigurationPlatforms) = postSolution
		{B497C6A7-7D81-4DBB-BBB1-6AE36A4181D9}.Debug|Any CPU.ActiveCfg = Debug|Any CPU
		{B497C6A7-7D81-4DBB-BBB1-6AE36A4181D9}.Debug|Any CPU.Build.0 = Debug|Any CPU
		{B497C6A7-7D81-4DBB-BBB1-6AE36A4181D9}.Release|Any CPU.ActiveCfg = Release|Any CPU
		{B497C6A7-7D81-4DBB-BBB1-6AE36A4181D9}.Release|Any CPU.Build.0 = Release|Any CPU
		{A04BCFA3-C191-41DD-B70E-115E26425EB2}.Debug|Any CPU.ActiveCfg = Debug|Any CPU
		{A04BCFA3-C191-41DD-B70E-115E26425EB2}.Debug|Any CPU.Build.0 = Debug|Any CPU
		{A04BCFA3-C191-41DD-B70E-115E26425EB2}.Release|Any CPU.ActiveCfg = Release|Any CPU
		{A04BCFA3-C191-41DD-B70E-115E26425EB2}.Release|Any CPU.Build.0 = Release|Any CPU
		{D81E04F3-6E06-49A5-B214-449002AEF182}.Debug|Any CPU.ActiveCfg = Debug|Any CPU
		{D81E04F3-6E06-49A5-B214-449002AEF182}.Debug|Any CPU.Build.0 = Debug|Any CPU
		{D81E04F3-6E06-49A5-B214-449002AEF182}.Release|Any CPU.ActiveCfg = Release|Any CPU
		{D81E04F3-6E06-49A5-B214-449002AEF182}.Release|Any CPU.Build.0 = Release|Any CPU
		{5E83F6BD-9ED9-4658-BD49-5CA13CA0D0A0}.Debug|Any CPU.ActiveCfg = Debug|Any CPU
		{5E83F6BD-9ED9-4658-BD49-5CA13CA0D0A0}.Debug|Any CPU.Build.0 = Debug|Any CPU
		{5E83F6BD-9ED9-4658-BD49-5CA13CA0D0A0}.Release|Any CPU.ActiveCfg = Release|Any CPU
		{5E83F6BD-9ED9-4658-BD49-5CA13CA0D0A0}.Release|Any CPU.Build.0 = Release|Any CPU
		{39DE29EA-39AB-40FA-B979-9895DF216E76}.Debug|Any CPU.ActiveCfg = Debug|Any CPU
		{39DE29EA-39AB-40FA-B979-9895DF216E76}.Debug|Any CPU.Build.0 = Debug|Any CPU
		{39DE29EA-39AB-40FA-B979-9895DF216E76}.Release|Any CPU.ActiveCfg = Release|Any CPU
		{39DE29EA-39AB-40FA-B979-9895DF216E76}.Release|Any CPU.Build.0 = Release|Any CPU
		{D0A3462D-53CC-4484-A772-0B61CB8E2B5F}.Debug|Any CPU.ActiveCfg = Debug|Any CPU
		{D0A3462D-53CC-4484-A772-0B61CB8E2B5F}.Debug|Any CPU.Build.0 = Debug|Any CPU
		{D0A3462D-53CC-4484-A772-0B61CB8E2B5F}.Release|Any CPU.ActiveCfg = Release|Any CPU
		{D0A3462D-53CC-4484-A772-0B61CB8E2B5F}.Release|Any CPU.Build.0 = Release|Any CPU
		{6A2334BA-8E35-417C-A534-BC76A7DE4BD4}.Debug|Any CPU.ActiveCfg = Debug|Any CPU
		{6A2334BA-8E35-417C-A534-BC76A7DE4BD4}.Debug|Any CPU.Build.0 = Debug|Any CPU
		{6A2334BA-8E35-417C-A534-BC76A7DE4BD4}.Release|Any CPU.ActiveCfg = Release|Any CPU
		{6A2334BA-8E35-417C-A534-BC76A7DE4BD4}.Release|Any CPU.Build.0 = Release|Any CPU
		{D5F354AD-F183-410A-B73D-28C0769825CA}.Debug|Any CPU.ActiveCfg = Debug|Any CPU
		{D5F354AD-F183-410A-B73D-28C0769825CA}.Debug|Any CPU.Build.0 = Debug|Any CPU
		{D5F354AD-F183-410A-B73D-28C0769825CA}.Release|Any CPU.ActiveCfg = Release|Any CPU
		{D5F354AD-F183-410A-B73D-28C0769825CA}.Release|Any CPU.Build.0 = Release|Any CPU
	EndGlobalSection
	GlobalSection(SolutionProperties) = preSolution
		HideSolutionNode = FALSE
	EndGlobalSection
	GlobalSection(NestedProjects) = preSolution
		{39DE29EA-39AB-40FA-B979-9895DF216E76} = {930ACB1C-384A-4E2E-950B-77F6FF1A1A4B}
		{D0A3462D-53CC-4484-A772-0B61CB8E2B5F} = {930ACB1C-384A-4E2E-950B-77F6FF1A1A4B}
		{6A2334BA-8E35-417C-A534-BC76A7DE4BD4} = {930ACB1C-384A-4E2E-950B-77F6FF1A1A4B}
		{D5F354AD-F183-410A-B73D-28C0769825CA} = {930ACB1C-384A-4E2E-950B-77F6FF1A1A4B}
	EndGlobalSection
	GlobalSection(ExtensibilityGlobals) = postSolution
		SolutionGuid = {96B31948-C526-4D9F-9224-5D111B3AF0C2}
	EndGlobalSection
EndGlobal
